
Microsoft Visual Studio Solution File, Format Version 12.00
# Visual Studio Version 16
VisualStudioVersion = 16.0.30804.86
MinimumVisualStudioVersion = 10.0.40219.1
Project("{8BC9CEB8-8B4A-11D0-8D11-00A0C91BC942}") = "network-visualisation-cpu", "network-visualisation-cpu.vcxproj", "{7A9D1BF6-253C-4C21-9F71-FE30212D5643}"
EndProject
Global
	GlobalSection(SolutionConfigurationPlatforms) = preSolution
		Debug|x64 = Debug|x64
		Debug|x86 = Debug|x86
		Release|x64 = Release|x64
		Release|x86 = Release|x86
	EndGlobalSection
	GlobalSection(ProjectConfigurationPlatforms) = postSolution
		{7A9D1BF6-253C-4C21-9F71-FE30212D5643}.Debug|x64.ActiveCfg = Debug|x64
		{7A9D1BF6-253C-4C21-9F71-FE30212D5643}.Debug|x64.Build.0 = Debug|x64
		{7A9D1BF6-253C-4C21-9F71-FE30212D5643}.Debug|x86.ActiveCfg = Debug|Win32
		{7A9D1BF6-253C-4C21-9F71-FE30212D5643}.Debug|x86.Build.0 = Debug|Win32
		{7A9D1BF6-253C-4C21-9F71-FE30212D5643}.Release|x64.ActiveCfg = Release|x64
		{7A9D1BF6-253C-4C21-9F71-FE30212D5643}.Release|x64.Build.0 = Release|x64
		{7A9D1BF6-253C-4C21-9F71-FE30212D5643}.Release|x86.ActiveCfg = Release|Win32
		{7A9D1BF6-253C-4C21-9F71-FE30212D5643}.Release|x86.Build.0 = Release|Win32
	EndGlobalSection
	GlobalSection(SolutionProperties) = preSolution
		HideSolutionNode = FALSE
	EndGlobalSection
	GlobalSection(ExtensibilityGlobals) = postSolution
		SolutionGuid = {B986732B-4B33-4B51-809F-6A3CE6E6E35F}
	EndGlobalSection
EndGlobal
